
Microsoft Visual Studio Solution File, Format Version 12.00
# Visual Studio Version 16
VisualStudioVersion = 16.0.29911.84
MinimumVisualStudioVersion = 10.0.40219.1
Project("{FAE04EC0-301F-11D3-BF4B-00C04F79EFBC}") = "Chapter11_31059", "Chapter11_31059\Chapter11_31059.csproj", "{63D64C11-A180-4922-BE29-7ECD8CABD80F}"
EndProject
Global
	GlobalSection(SolutionConfigurationPlatforms) = preSolution
		Debug|Any CPU = Debug|Any CPU
		Release|Any CPU = Release|Any CPU
	EndGlobalSection
	GlobalSection(ProjectConfigurationPlatforms) = postSolution
		{63D64C11-A180-4922-BE29-7ECD8CABD80F}.Debug|Any CPU.ActiveCfg = Debug|Any CPU
		{63D64C11-A180-4922-BE29-7ECD8CABD80F}.Debug|Any CPU.Build.0 = Debug|Any CPU
		{63D64C11-A180-4922-BE29-7ECD8CABD80F}.Release|Any CPU.ActiveCfg = Release|Any CPU
		{63D64C11-A180-4922-BE29-7ECD8CABD80F}.Release|Any CPU.Build.0 = Release|Any CPU
	EndGlobalSection
	GlobalSection(SolutionProperties) = preSolution
		HideSolutionNode = FALSE
	EndGlobalSection
	GlobalSection(ExtensibilityGlobals) = postSolution
		SolutionGuid = {9EB22A2A-52FA-492B-9CD4-22C5287AD99B}
	EndGlobalSection
EndGlobal
